
Microsoft Visual Studio Solution File, Format Version 12.00
# Visual Studio Version 16
VisualStudioVersion = 16.0.29728.190
MinimumVisualStudioVersion = 10.0.40219.1
Project("{FAE04EC0-301F-11D3-BF4B-00C04F79EFBC}") = "Virtual NoticeBoard(GTUC).UWP", "Virtual NoticeBoard(GTUC).UWP\Virtual NoticeBoard(GTUC).UWP.csproj", "{83EB5AD5-258E-4226-8D96-D7E6D8C582AC}"
EndProject
Project("{FAE04EC0-301F-11D3-BF4B-00C04F79EFBC}") = "Virtual NoticeBoard(GTUC).Android", "Virtual NoticeBoard(GTUC).Android\Virtual NoticeBoard(GTUC).Android.csproj", "{32584B56-A0DC-40EB-B195-9F336AD02468}"
EndProject
Project("{FAE04EC0-301F-11D3-BF4B-00C04F79EFBC}") = "Virtual NoticeBoard(GTUC).iOS", "Virtual NoticeBoard(GTUC).iOS\Virtual NoticeBoard(GTUC).iOS.csproj", "{9B250301-E974-416A-A0F9-6595EB2A9040}"
EndProject
Project("{FAE04EC0-301F-11D3-BF4B-00C04F79EFBC}") = "Virtual NoticeBoard(GTUC)", "Virtual NoticeBoard(GTUC)\Virtual NoticeBoard(GTUC).csproj", "{AE318DD9-BA71-4E66-B620-5908BDEE1536}"
EndProject
Global
	GlobalSection(SolutionConfigurationPlatforms) = preSolution
		Debug|Any CPU = Debug|Any CPU
		Debug|ARM = Debug|ARM
		Debug|iPhone = Debug|iPhone
		Debug|iPhoneSimulator = Debug|iPhoneSimulator
		Debug|x64 = Debug|x64
		Debug|x86 = Debug|x86
		Release|Any CPU = Release|Any CPU
		Release|ARM = Release|ARM
		Release|iPhone = Release|iPhone
		Release|iPhoneSimulator = Release|iPhoneSimulator
		Release|x64 = Release|x64
		Release|x86 = Release|x86
	EndGlobalSection
	GlobalSection(ProjectConfigurationPlatforms) = postSolution
		{83EB5AD5-258E-4226-8D96-D7E6D8C582AC}.Debug|Any CPU.ActiveCfg = Debug|x86
		{83EB5AD5-258E-4226-8D96-D7E6D8C582AC}.Debug|Any CPU.Build.0 = Debug|x86
		{83EB5AD5-258E-4226-8D96-D7E6D8C582AC}.Debug|Any CPU.Deploy.0 = Debug|x86
		{83EB5AD5-258E-4226-8D96-D7E6D8C582AC}.Debug|ARM.ActiveCfg = Debug|ARM
		{83EB5AD5-258E-4226-8D96-D7E6D8C582AC}.Debug|ARM.Build.0 = Debug|ARM
		{83EB5AD5-258E-4226-8D96-D7E6D8C582AC}.Debug|ARM.Deploy.0 = Debug|ARM
		{83EB5AD5-258E-4226-8D96-D7E6D8C582AC}.Debug|iPhone.ActiveCfg = Debug|x86
		{83EB5AD5-258E-4226-8D96-D7E6D8C582AC}.Debug|iPhone.Build.0 = Debug|x86
		{83EB5AD5-258E-4226-8D96-D7E6D8C582AC}.Debug|iPhone.Deploy.0 = Debug|x86
		{83EB5AD5-258E-4226-8D96-D7E6D8C582AC}.Debug|iPhoneSimulator.ActiveCfg = Debug|x86
		{83EB5AD5-258E-4226-8D96-D7E6D8C582AC}.Debug|iPhoneSimulator.Build.0 = Debug|x86
		{83EB5AD5-258E-4226-8D96-D7E6D8C582AC}.Debug|iPhoneSimulator.Deploy.0 = Debug|x86
		{83EB5AD5-258E-4226-8D96-D7E6D8C582AC}.Debug|x64.ActiveCfg = Debug|x64
		{83EB5AD5-258E-4226-8D96-D7E6D8C582AC}.Debug|x64.Build.0 = Debug|x64
		{83EB5AD5-258E-4226-8D96-D7E6D8C582AC}.Debug|x64.Deploy.0 = Debug|x64
		{83EB5AD5-258E-4226-8D96-D7E6D8C582AC}.Debug|x86.ActiveCfg = Debug|x86
		{83EB5AD5-258E-4226-8D96-D7E6D8C582AC}.Debug|x86.Build.0 = Debug|x86
		{83EB5AD5-258E-4226-8D96-D7E6D8C582AC}.Debug|x86.Deploy.0 = Debug|x86
		{83EB5AD5-258E-4226-8D96-D7E6D8C582AC}.Release|Any CPU.ActiveCfg = Release|x86
		{83EB5AD5-258E-4226-8D96-D7E6D8C582AC}.Release|Any CPU.Build.0 = Release|x86
		{83EB5AD5-258E-4226-8D96-D7E6D8C582AC}.Release|Any CPU.Deploy.0 = Release|x86
		{83EB5AD5-258E-4226-8D96-D7E6D8C582AC}.Release|ARM.ActiveCfg = Release|ARM
		{83EB5AD5-258E-4226-8D96-D7E6D8C582AC}.Release|ARM.Build.0 = Release|ARM
		{83EB5AD5-258E-4226-8D96-D7E6D8C582AC}.Release|ARM.Deploy.0 = Release|ARM
		{83EB5AD5-258E-4226-8D96-D7E6D8C582AC}.Release|iPhone.ActiveCfg = Release|x86
		{83EB5AD5-258E-4226-8D96-D7E6D8C582AC}.Release|iPhone.Build.0 = Release|x86
		{83EB5AD5-258E-4226-8D96-D7E6D8C582AC}.Release|iPhone.Deploy.0 = Release|x86
		{83EB5AD5-258E-4226-8D96-D7E6D8C582AC}.Release|iPhoneSimulator.ActiveCfg = Release|x86
		{83EB5AD5-258E-4226-8D96-D7E6D8C582AC}.Release|iPhoneSimulator.Build.0 = Release|x86
		{83EB5AD5-258E-4226-8D96-D7E6D8C582AC}.Release|iPhoneSimulator.Deploy.0 = Release|x86
		{83EB5AD5-258E-4226-8D96-D7E6D8C582AC}.Release|x64.ActiveCfg = Release|x64
		{83EB5AD5-258E-4226-8D96-D7E6D8C582AC}.Release|x64.Build.0 = Release|x64
		{83EB5AD5-258E-4226-8D96-D7E6D8C582AC}.Release|x64.Deploy.0 = Release|x64
		{83EB5AD5-258E-4226-8D96-D7E6D8C582AC}.Release|x86.ActiveCfg = Release|x86
		{83EB5AD5-258E-4226-8D96-D7E6D8C582AC}.Release|x86.Build.0 = Release|x86
		{83EB5AD5-258E-4226-8D96-D7E6D8C582AC}.Release|x86.Deploy.0 = Release|x86
		{32584B56-A0DC-40EB-B195-9F336AD02468}.Debug|Any CPU.ActiveCfg = Debug|Any CPU
		{32584B56-A0DC-40EB-B195-9F336AD02468}.Debug|Any CPU.Build.0 = Debug|Any CPU
		{32584B56-A0DC-40EB-B195-9F336AD02468}.Debug|Any CPU.Deploy.0 = Debug|Any CPU
		{32584B56-A0DC-40EB-B195-9F336AD02468}.Debug|ARM.ActiveCfg = Debug|Any CPU
		{32584B56-A0DC-40EB-B195-9F336AD02468}.Debug|ARM.Build.0 = Debug|Any CPU
		{32584B56-A0DC-40EB-B195-9F336AD02468}.Debug|ARM.Deploy.0 = Debug|Any CPU
		{32584B56-A0DC-40EB-B195-9F336AD02468}.Debug|iPhone.ActiveCfg = Debug|Any CPU
		{32584B56-A0DC-40EB-B195-9F336AD02468}.Debug|iPhone.Build.0 = Debug|Any CPU
		{32584B56-A0DC-40EB-B195-9F336AD02468}.Debug|iPhone.Deploy.0 = Debug|Any CPU
		{32584B56-A0DC-40EB-B195-9F336AD02468}.Debug|iPhoneSimulator.ActiveCfg = Debug|Any CPU
		{32584B56-A0DC-40EB-B195-9F336AD02468}.Debug|iPhoneSimulator.Build.0 = Debug|Any CPU
		{32584B56-A0DC-40EB-B195-9F336AD02468}.Debug|iPhoneSimulator.Deploy.0 = Debug|Any CPU
		{32584B56-A0DC-40EB-B195-9F336AD02468}.Debug|x64.ActiveCfg = Debug|Any CPU
		{32584B56-A0DC-40EB-B195-9F336AD02468}.Debug|x64.Build.0 = Debug|Any CPU
		{32584B56-A0DC-40EB-B195-9F336AD02468}.Debug|x64.Deploy.0 = Debug|Any CPU
		{32584B56-A0DC-40EB-B195-9F336AD02468}.Debug|x86.ActiveCfg = Debug|Any CPU
		{32584B56-A0DC-40EB-B195-9F336AD02468}.Debug|x86.Build.0 = Debug|Any CPU
		{32584B56-A0DC-40EB-B195-9F336AD02468}.Debug|x86.Deploy.0 = Debug|Any CPU
		{32584B56-A0DC-40EB-B195-9F336AD02468}.Release|Any CPU.ActiveCfg = Release|Any CPU
		{32584B56-A0DC-40EB-B195-9F336AD02468}.Release|Any CPU.Build.0 = Release|Any CPU
		{32584B56-A0DC-40EB-B195-9F336AD02468}.Release|Any CPU.Deploy.0 = Release|Any CPU
		{32584B56-A0DC-40EB-B195-9F336AD02468}.Release|ARM.ActiveCfg = Release|Any CPU
		{32584B56-A0DC-40EB-B195-9F336AD02468}.Release|ARM.Build.0 = Release|Any CPU
		{32584B56-A0DC-40EB-B195-9F336AD02468}.Release|ARM.Deploy.0 = Release|Any CPU
		{32584B56-A0DC-40EB-B195-9F336AD02468}.Release|iPhone.ActiveCfg = Release|Any CPU
		{32584B56-A0DC-40EB-B195-9F336AD02468}.Release|iPhone.Build.0 = Release|Any CPU
		{32584B56-A0DC-40EB-B195-9F336AD02468}.Release|iPhone.Deploy.0 = Release|Any CPU
		{32584B56-A0DC-40EB-B195-9F336AD02468}.Release|iPhoneSimulator.ActiveCfg = Release|Any CPU
		{32584B56-A0DC-40EB-B195-9F336AD02468}.Release|iPhoneSimulator.Build.0 = Release|Any CPU
		{32584B56-A0DC-40EB-B195-9F336AD02468}.Release|iPhoneSimulator.Deploy.0 = Release|Any CPU
		{32584B56-A0DC-40EB-B195-9F336AD02468}.Release|x64.ActiveCfg = Release|Any CPU
		{32584B56-A0DC-40EB-B195-9F336AD02468}.Release|x64.Build.0 = Release|Any CPU
		{32584B56-A0DC-40EB-B195-9F336AD02468}.Release|x64.Deploy.0 = Release|Any CPU
		{32584B56-A0DC-40EB-B195-9F336AD02468}.Release|x86.ActiveCfg = Release|Any CPU
		{32584B56-A0DC-40EB-B195-9F336AD02468}.Release|x86.Build.0 = Release|Any CPU
		{32584B56-A0DC-40EB-B195-9F336AD02468}.Release|x86.Deploy.0 = Release|Any CPU
		{9B250301-E974-416A-A0F9-6595EB2A9040}.Debug|Any CPU.ActiveCfg = Debug|iPhone
		{9B250301-E974-416A-A0F9-6595EB2A9040}.Debug|Any CPU.Build.0 = Debug|iPhone
		{9B250301-E974-416A-A0F9-6595EB2A9040}.Debug|Any CPU.Deploy.0 = Debug|iPhone
		{9B250301-E974-416A-A0F9-6595EB2A9040}.Debug|ARM.ActiveCfg = Debug|iPhoneSimulator
		{9B250301-E974-416A-A0F9-6595EB2A9040}.Debug|ARM.Build.0 = Debug|iPhoneSimulator
		{9B250301-E974-416A-A0F9-6595EB2A9040}.Debug|ARM.Deploy.0 = Debug|iPhoneSimulator
		{9B250301-E974-416A-A0F9-6595EB2A9040}.Debug|iPhone.ActiveCfg = Debug|iPhone
		{9B250301-E974-416A-A0F9-6595EB2A9040}.Debug|iPhone.Build.0 = Debug|iPhone
		{9B250301-E974-416A-A0F9-6595EB2A9040}.Debug|iPhone.Deploy.0 = Debug|iPhone
		{9B250301-E974-416A-A0F9-6595EB2A9040}.Debug|iPhoneSimulator.ActiveCfg = Debug|iPhoneSimulator
		{9B250301-E974-416A-A0F9-6595EB2A9040}.Debug|iPhoneSimulator.Build.0 = Debug|iPhoneSimulator
		{9B250301-E974-416A-A0F9-6595EB2A9040}.Debug|iPhoneSimulator.Deploy.0 = Debug|iPhoneSimulator
		{9B250301-E974-416A-A0F9-6595EB2A9040}.Debug|x64.ActiveCfg = Debug|iPhone
		{9B250301-E974-416A-A0F9-6595EB2A9040}.Debug|x64.Build.0 = Debug|iPhone
		{9B250301-E974-416A-A0F9-6595EB2A9040}.Debug|x64.Deploy.0 = Debug|iPhone
		{9B250301-E974-416A-A0F9-6595EB2A9040}.Debug|x86.ActiveCfg = Debug|iPhone
		{9B250301-E974-416A-A0F9-6595EB2A9040}.Debug|x86.Build.0 = Debug|iPhone
		{9B250301-E974-416A-A0F9-6595EB2A9040}.Debug|x86.Deploy.0 = Debug|iPhone
		{9B250301-E974-416A-A0F9-6595EB2A9040}.Release|Any CPU.ActiveCfg = Release|iPhone
		{9B250301-E974-416A-A0F9-6595EB2A9040}.Release|Any CPU.Build.0 = Release|iPhone
		{9B250301-E974-416A-A0F9-6595EB2A9040}.Release|Any CPU.Deploy.0 = Release|iPhone
		{9B250301-E974-416A-A0F9-6595EB2A9040}.Release|ARM.ActiveCfg = Release|iPhone
		{9B250301-E974-416A-A0F9-6595EB2A9040}.Release|ARM.Build.0 = Release|iPhone
		{9B250301-E974-416A-A0F9-6595EB2A9040}.Release|ARM.Deploy.0 = Release|iPhone
		{9B250301-E974-416A-A0F9-6595EB2A9040}.Release|iPhone.ActiveCfg = Release|iPhone
		{9B250301-E974-416A-A0F9-6595EB2A9040}.Release|iPhone.Build.0 = Release|iPhone
		{9B250301-E974-416A-A0F9-6595EB2A9040}.Release|iPhone.Deploy.0 = Release|iPhone
		{9B250301-E974-416A-A0F9-6595EB2A9040}.Release|iPhoneSimulator.ActiveCfg = Release|iPhoneSimulator
		{9B250301-E974-416A-A0F9-6595EB2A9040}.Release|iPhoneSimulator.Build.0 = Release|iPhoneSimulator
		{9B250301-E974-416A-A0F9-6595EB2A9040}.Release|iPhoneSimulator.Deploy.0 = Release|iPhoneSimulator
		{9B250301-E974-416A-A0F9-6595EB2A9040}.Release|x64.ActiveCfg = Release|iPhone
		{9B250301-E974-416A-A0F9-6595EB2A9040}.Release|x64.Build.0 = Release|iPhone
		{9B250301-E974-416A-A0F9-6595EB2A9040}.Release|x64.Deploy.0 = Release|iPhone
		{9B250301-E974-416A-A0F9-6595EB2A9040}.Release|x86.ActiveCfg = Release|iPhone
		{9B250301-E974-416A-A0F9-6595EB2A9040}.Release|x86.Build.0 = Release|iPhone
		{9B250301-E974-416A-A0F9-6595EB2A9040}.Release|x86.Deploy.0 = Release|iPhone
		{AE318DD9-BA71-4E66-B620-5908BDEE1536}.Debug|Any CPU.ActiveCfg = Debug|Any CPU
		{AE318DD9-BA71-4E66-B620-5908BDEE1536}.Debug|Any CPU.Build.0 = Debug|Any CPU
		{AE318DD9-BA71-4E66-B620-5908BDEE1536}.Debug|Any CPU.Deploy.0 = Debug|Any CPU
		{AE318DD9-BA71-4E66-B620-5908BDEE1536}.Debug|ARM.ActiveCfg = Debug|Any CPU
		{AE318DD9-BA71-4E66-B620-5908BDEE1536}.Debug|ARM.Build.0 = Debug|Any CPU
		{AE318DD9-BA71-4E66-B620-5908BDEE1536}.Debug|ARM.Deploy.0 = Debug|Any CPU
		{AE318DD9-BA71-4E66-B620-5908BDEE1536}.Debug|iPhone.ActiveCfg = Debug|Any CPU
		{AE318DD9-BA71-4E66-B620-5908BDEE1536}.Debug|iPhone.Build.0 = Debug|Any CPU
		{AE318DD9-BA71-4E66-B620-5908BDEE1536}.Debug|iPhone.Deploy.0 = Debug|Any CPU
		{AE318DD9-BA71-4E66-B620-5908BDEE1536}.Debug|iPhoneSimulator.ActiveCfg = Debug|Any CPU
		{AE318DD9-BA71-4E66-B620-5908BDEE1536}.Debug|iPhoneSimulator.Build.0 = Debug|Any CPU
		{AE318DD9-BA71-4E66-B620-5908BDEE1536}.Debug|iPhoneSimulator.Deploy.0 = Debug|Any CPU
		{AE318DD9-BA71-4E66-B620-5908BDEE1536}.Debug|x64.ActiveCfg = Debug|Any CPU
		{AE318DD9-BA71-4E66-B620-5908BDEE1536}.Debug|x64.Build.0 = Debug|Any CPU
		{AE318DD9-BA71-4E66-B620-5908BDEE1536}.Debug|x64.Deploy.0 = Debug|Any CPU
		{AE318DD9-BA71-4E66-B620-5908BDEE1536}.Debug|x86.ActiveCfg = Debug|Any CPU
		{AE318DD9-BA71-4E66-B620-5908BDEE1536}.Debug|x86.Build.0 = Debug|Any CPU
		{AE318DD9-BA71-4E66-B620-5908BDEE1536}.Debug|x86.Deploy.0 = Debug|Any CPU
		{AE318DD9-BA71-4E66-B620-5908BDEE1536}.Release|Any CPU.ActiveCfg = Release|Any CPU
		{AE318DD9-BA71-4E66-B620-5908BDEE1536}.Release|Any CPU.Build.0 = Release|Any CPU
		{AE318DD9-BA71-4E66-B620-5908BDEE1536}.Release|Any CPU.Deploy.0 = Release|Any CPU
		{AE318DD9-BA71-4E66-B620-5908BDEE1536}.Release|ARM.ActiveCfg = Release|Any CPU
		{AE318DD9-BA71-4E66-B620-5908BDEE1536}.Release|ARM.Build.0 = Release|Any CPU
		{AE318DD9-BA71-4E66-B620-5908BDEE1536}.Release|ARM.Deploy.0 = Release|Any CPU
		{AE318DD9-BA71-4E66-B620-5908BDEE1536}.Release|iPhone.ActiveCfg = Release|Any CPU
		{AE318DD9-BA71-4E66-B620-5908BDEE1536}.Release|iPhone.Build.0 = Release|Any CPU
		{AE318DD9-BA71-4E66-B620-5908BDEE1536}.Release|iPhone.Deploy.0 = Release|Any CPU
		{AE318DD9-BA71-4E66-B620-5908BDEE1536}.Release|iPhoneSimulator.ActiveCfg = Release|Any CPU
		{AE318DD9-BA71-4E66-B620-5908BDEE1536}.Release|iPhoneSimulator.Build.0 = Release|Any CPU
		{AE318DD9-BA71-4E66-B620-5908BDEE1536}.Release|iPhoneSimulator.Deploy.0 = Release|Any CPU
		{AE318DD9-BA71-4E66-B620-5908BDEE1536}.Release|x64.ActiveCfg = Release|Any CPU
		{AE318DD9-BA71-4E66-B620-5908BDEE1536}.Release|x64.Build.0 = Release|Any CPU
		{AE318DD9-BA71-4E66-B620-5908BDEE1536}.Release|x64.Deploy.0 = Release|Any CPU
		{AE318DD9-BA71-4E66-B620-5908BDEE1536}.Release|x86.ActiveCfg = Release|Any CPU
		{AE318DD9-BA71-4E66-B620-5908BDEE1536}.Release|x86.Build.0 = Release|Any CPU
		{AE318DD9-BA71-4E66-B620-5908BDEE1536}.Release|x86.Deploy.0 = Release|Any CPU
	EndGlobalSection
	GlobalSection(SolutionProperties) = preSolution
		HideSolutionNode = FALSE
	EndGlobalSection
	GlobalSection(ExtensibilityGlobals) = postSolution
		SolutionGuid = {2777122B-3983-497D-8707-8B888924D7C2}
	EndGlobalSection
EndGlobal
